
Microsoft Visual Studio Solution File, Format Version 12.00
# Visual Studio Version 17
VisualStudioVersion = 17.3.32922.545
MinimumVisualStudioVersion = 10.0.40219.1
Project("{FAE04EC0-301F-11D3-BF4B-00C04F79EFBC}") = "CSharpTextBasedAdventure", "CSharpTextBasedAdventure\CSharpTextBasedAdventure.csproj", "{7D7A75FA-055A-4A77-ACD4-80CC5FDF191C}"
EndProject
Global
	GlobalSection(SolutionConfigurationPlatforms) = preSolution
		Debug|Any CPU = Debug|Any CPU
		Release|Any CPU = Release|Any CPU
	EndGlobalSection
	GlobalSection(ProjectConfigurationPlatforms) = postSolution
		{7D7A75FA-055A-4A77-ACD4-80CC5FDF191C}.Debug|Any CPU.ActiveCfg = Debug|Any CPU
		{7D7A75FA-055A-4A77-ACD4-80CC5FDF191C}.Debug|Any CPU.Build.0 = Debug|Any CPU
		{7D7A75FA-055A-4A77-ACD4-80CC5FDF191C}.Release|Any CPU.ActiveCfg = Release|Any CPU
		{7D7A75FA-055A-4A77-ACD4-80CC5FDF191C}.Release|Any CPU.Build.0 = Release|Any CPU
	EndGlobalSection
	GlobalSection(SolutionProperties) = preSolution
		HideSolutionNode = FALSE
	EndGlobalSection
	GlobalSection(ExtensibilityGlobals) = postSolution
		SolutionGuid = {F8399DC0-95D7-4461-BB3B-4E7BC7AE1DEC}
	EndGlobalSection
EndGlobal
